
Microsoft Visual Studio Solution File, Format Version 12.00
# Visual Studio Version 16
VisualStudioVersion = 16.0.30717.126
MinimumVisualStudioVersion = 10.0.40219.1
Project("{FAE04EC0-301F-11D3-BF4B-00C04F79EFBC}") = "Aml.Screening.Api", "Aml.Screening.Api\Aml.Screening.Api.csproj", "{682341D6-AE0C-47A1-8165-8DF40D7E2361}"
EndProject
Project("{FAE04EC0-301F-11D3-BF4B-00C04F79EFBC}") = "Aml.Screening.MongoModal", "Aml.Screening.MongoModal\Aml.Screening.MongoModal.csproj", "{988E5F34-B5AE-41B8-BFD4-773F8BA1A208}"
EndProject
Project("{FAE04EC0-301F-11D3-BF4B-00C04F79EFBC}") = "Aml.Screening.Common", "..\Aml.Screening.Common\Aml.Screening.Common.csproj", "{A80F73DF-99E9-4D79-A70C-CA84F61C4862}"
EndProject
Project("{FAE04EC0-301F-11D3-BF4B-00C04F79EFBC}") = "Aml.Screening.ServiceContracts", "..\Aml.Screening.ServiceContracts\Aml.Screening.ServiceContracts.csproj", "{F648DFBB-E761-4ECD-9590-49659DDDD496}"
EndProject
Project("{FAE04EC0-301F-11D3-BF4B-00C04F79EFBC}") = "Aml.Screening.Services", "..\Aml.Screening.Services\Aml.Screening.Services.csproj", "{DF9F8BAF-566E-461F-A2D9-71CDD5D5AA58}"
EndProject
Project("{FAE04EC0-301F-11D3-BF4B-00C04F79EFBC}") = "Aml.Screening.DataContracts", "..\Aml.Screening.DataContracts\Aml.Screening.DataContracts.csproj", "{A8C1B545-B90C-4C28-9CB6-8C138FE3013B}"
EndProject
Global
	GlobalSection(SolutionConfigurationPlatforms) = preSolution
		Debug|Any CPU = Debug|Any CPU
		Release|Any CPU = Release|Any CPU
	EndGlobalSection
	GlobalSection(ProjectConfigurationPlatforms) = postSolution
		{682341D6-AE0C-47A1-8165-8DF40D7E2361}.Debug|Any CPU.ActiveCfg = Debug|Any CPU
		{682341D6-AE0C-47A1-8165-8DF40D7E2361}.Debug|Any CPU.Build.0 = Debug|Any CPU
		{682341D6-AE0C-47A1-8165-8DF40D7E2361}.Release|Any CPU.ActiveCfg = Release|Any CPU
		{682341D6-AE0C-47A1-8165-8DF40D7E2361}.Release|Any CPU.Build.0 = Release|Any CPU
		{988E5F34-B5AE-41B8-BFD4-773F8BA1A208}.Debug|Any CPU.ActiveCfg = Debug|Any CPU
		{988E5F34-B5AE-41B8-BFD4-773F8BA1A208}.Debug|Any CPU.Build.0 = Debug|Any CPU
		{988E5F34-B5AE-41B8-BFD4-773F8BA1A208}.Release|Any CPU.ActiveCfg = Release|Any CPU
		{988E5F34-B5AE-41B8-BFD4-773F8BA1A208}.Release|Any CPU.Build.0 = Release|Any CPU
		{A80F73DF-99E9-4D79-A70C-CA84F61C4862}.Debug|Any CPU.ActiveCfg = Debug|Any CPU
		{A80F73DF-99E9-4D79-A70C-CA84F61C4862}.Debug|Any CPU.Build.0 = Debug|Any CPU
		{A80F73DF-99E9-4D79-A70C-CA84F61C4862}.Release|Any CPU.ActiveCfg = Release|Any CPU
		{A80F73DF-99E9-4D79-A70C-CA84F61C4862}.Release|Any CPU.Build.0 = Release|Any CPU
		{F648DFBB-E761-4ECD-9590-49659DDDD496}.Debug|Any CPU.ActiveCfg = Debug|Any CPU
		{F648DFBB-E761-4ECD-9590-49659DDDD496}.Debug|Any CPU.Build.0 = Debug|Any CPU
		{F648DFBB-E761-4ECD-9590-49659DDDD496}.Release|Any CPU.ActiveCfg = Release|Any CPU
		{F648DFBB-E761-4ECD-9590-49659DDDD496}.Release|Any CPU.Build.0 = Release|Any CPU
		{DF9F8BAF-566E-461F-A2D9-71CDD5D5AA58}.Debug|Any CPU.ActiveCfg = Debug|Any CPU
		{DF9F8BAF-566E-461F-A2D9-71CDD5D5AA58}.Debug|Any CPU.Build.0 = Debug|Any CPU
		{DF9F8BAF-566E-461F-A2D9-71CDD5D5AA58}.Release|Any CPU.ActiveCfg = Release|Any CPU
		{DF9F8BAF-566E-461F-A2D9-71CDD5D5AA58}.Release|Any CPU.Build.0 = Release|Any CPU
		{A8C1B545-B90C-4C28-9CB6-8C138FE3013B}.Debug|Any CPU.ActiveCfg = Debug|Any CPU
		{A8C1B545-B90C-4C28-9CB6-8C138FE3013B}.Debug|Any CPU.Build.0 = Debug|Any CPU
		{A8C1B545-B90C-4C28-9CB6-8C138FE3013B}.Release|Any CPU.ActiveCfg = Release|Any CPU
		{A8C1B545-B90C-4C28-9CB6-8C138FE3013B}.Release|Any CPU.Build.0 = Release|Any CPU
	EndGlobalSection
	GlobalSection(SolutionProperties) = preSolution
		HideSolutionNode = FALSE
	EndGlobalSection
	GlobalSection(ExtensibilityGlobals) = postSolution
		SolutionGuid = {F91F0AFB-5EB4-4B4D-B4DB-605DFD5D7219}
	EndGlobalSection
EndGlobal
