
Microsoft Visual Studio Solution File, Format Version 12.00
# Visual Studio Version 17
VisualStudioVersion = 17.4.33205.214
MinimumVisualStudioVersion = 10.0.40219.1
Project("{9A19103F-16F7-4668-BE54-9A1E7A4F7556}") = "AML.Web", "AML.Web\AML.Web.csproj", "{9D6C15ED-A0F6-41E7-B9ED-455CD48B962E}"
	ProjectSection(ProjectDependencies) = postProject
		{6F5B0586-DA78-4C00-9907-3CB2C1C54DB0} = {6F5B0586-DA78-4C00-9907-3CB2C1C54DB0}
		{CC15958A-27F6-4136-9390-D698FB7E5031} = {CC15958A-27F6-4136-9390-D698FB7E5031}
		{86B7A68B-5B4C-46CA-BB7D-BCA40F536D27} = {86B7A68B-5B4C-46CA-BB7D-BCA40F536D27}
		{F227529D-D833-47C0-A808-123BBDF268BC} = {F227529D-D833-47C0-A808-123BBDF268BC}
	EndProjectSection
EndProject
Project("{9A19103F-16F7-4668-BE54-9A1E7A4F7556}") = "AML.DTO", "AML.DTO\AML.DTO.csproj", "{61365868-0CBB-4FDE-B0C8-D64E7B8D5C78}"
EndProject
Project("{9A19103F-16F7-4668-BE54-9A1E7A4F7556}") = "AML.Core.Common", "AML.Core.Common\AML.Core.Common.csproj", "{F227529D-D833-47C0-A808-123BBDF268BC}"
EndProject
Project("{9A19103F-16F7-4668-BE54-9A1E7A4F7556}") = "AML.Core.DataContract", "AML.Core.DataContract\AML.Core.DataContract.csproj", "{6F5B0586-DA78-4C00-9907-3CB2C1C54DB0}"
EndProject
Project("{9A19103F-16F7-4668-BE54-9A1E7A4F7556}") = "AML.Core.Repository", "AML.Core.Repository\AML.Core.Repository.csproj", "{86B7A68B-5B4C-46CA-BB7D-BCA40F536D27}"
EndProject
Project("{9A19103F-16F7-4668-BE54-9A1E7A4F7556}") = "AML.Core.RepositoryContract", "AML.Core.RepositoryContract\AML.Core.RepositoryContract.csproj", "{CC15958A-27F6-4136-9390-D698FB7E5031}"
EndProject
Project("{9A19103F-16F7-4668-BE54-9A1E7A4F7556}") = "AML.Core.Service", "AML.Core.Service\AML.Core.Service.csproj", "{12EE2620-2205-447A-9EA3-6A0329B2679B}"
EndProject
Project("{9A19103F-16F7-4668-BE54-9A1E7A4F7556}") = "AML.Core.ServiceContract", "AML.Core.ServiceContract\AML.Core.ServiceContract.csproj", "{D41C362F-57B8-4973-BC0C-3A5C7C606E68}"
EndProject
Project("{9A19103F-16F7-4668-BE54-9A1E7A4F7556}") = "AML.ViewModel", "AML.ViewModel\AML.ViewModel.csproj", "{74546DB9-C542-4222-86BB-A13F77B55017}"
EndProject
Project("{2150E333-8FDC-42A3-9474-1A3956D46DE8}") = "Sources", "Sources", "{2A3A537C-0590-4AED-9D76-B69F27287124}"
EndProject
Global
	GlobalSection(SolutionConfigurationPlatforms) = preSolution
		Debug|Any CPU = Debug|Any CPU
		Release|Any CPU = Release|Any CPU
	EndGlobalSection
	GlobalSection(ProjectConfigurationPlatforms) = postSolution
		{9D6C15ED-A0F6-41E7-B9ED-455CD48B962E}.Debug|Any CPU.ActiveCfg = Debug|Any CPU
		{9D6C15ED-A0F6-41E7-B9ED-455CD48B962E}.Debug|Any CPU.Build.0 = Debug|Any CPU
		{9D6C15ED-A0F6-41E7-B9ED-455CD48B962E}.Release|Any CPU.ActiveCfg = Release|Any CPU
		{9D6C15ED-A0F6-41E7-B9ED-455CD48B962E}.Release|Any CPU.Build.0 = Release|Any CPU
		{61365868-0CBB-4FDE-B0C8-D64E7B8D5C78}.Debug|Any CPU.ActiveCfg = Debug|Any CPU
		{61365868-0CBB-4FDE-B0C8-D64E7B8D5C78}.Debug|Any CPU.Build.0 = Debug|Any CPU
		{61365868-0CBB-4FDE-B0C8-D64E7B8D5C78}.Release|Any CPU.ActiveCfg = Release|Any CPU
		{61365868-0CBB-4FDE-B0C8-D64E7B8D5C78}.Release|Any CPU.Build.0 = Release|Any CPU
		{F227529D-D833-47C0-A808-123BBDF268BC}.Debug|Any CPU.ActiveCfg = Debug|Any CPU
		{F227529D-D833-47C0-A808-123BBDF268BC}.Debug|Any CPU.Build.0 = Debug|Any CPU
		{F227529D-D833-47C0-A808-123BBDF268BC}.Release|Any CPU.ActiveCfg = Release|Any CPU
		{F227529D-D833-47C0-A808-123BBDF268BC}.Release|Any CPU.Build.0 = Release|Any CPU
		{6F5B0586-DA78-4C00-9907-3CB2C1C54DB0}.Debug|Any CPU.ActiveCfg = Debug|Any CPU
		{6F5B0586-DA78-4C00-9907-3CB2C1C54DB0}.Debug|Any CPU.Build.0 = Debug|Any CPU
		{6F5B0586-DA78-4C00-9907-3CB2C1C54DB0}.Release|Any CPU.ActiveCfg = Release|Any CPU
		{6F5B0586-DA78-4C00-9907-3CB2C1C54DB0}.Release|Any CPU.Build.0 = Release|Any CPU
		{86B7A68B-5B4C-46CA-BB7D-BCA40F536D27}.Debug|Any CPU.ActiveCfg = Debug|Any CPU
		{86B7A68B-5B4C-46CA-BB7D-BCA40F536D27}.Debug|Any CPU.Build.0 = Debug|Any CPU
		{86B7A68B-5B4C-46CA-BB7D-BCA40F536D27}.Release|Any CPU.ActiveCfg = Release|Any CPU
		{86B7A68B-5B4C-46CA-BB7D-BCA40F536D27}.Release|Any CPU.Build.0 = Release|Any CPU
		{CC15958A-27F6-4136-9390-D698FB7E5031}.Debug|Any CPU.ActiveCfg = Debug|Any CPU
		{CC15958A-27F6-4136-9390-D698FB7E5031}.Debug|Any CPU.Build.0 = Debug|Any CPU
		{CC15958A-27F6-4136-9390-D698FB7E5031}.Release|Any CPU.ActiveCfg = Release|Any CPU
		{CC15958A-27F6-4136-9390-D698FB7E5031}.Release|Any CPU.Build.0 = Release|Any CPU
		{12EE2620-2205-447A-9EA3-6A0329B2679B}.Debug|Any CPU.ActiveCfg = Debug|Any CPU
		{12EE2620-2205-447A-9EA3-6A0329B2679B}.Debug|Any CPU.Build.0 = Debug|Any CPU
		{12EE2620-2205-447A-9EA3-6A0329B2679B}.Release|Any CPU.ActiveCfg = Release|Any CPU
		{12EE2620-2205-447A-9EA3-6A0329B2679B}.Release|Any CPU.Build.0 = Release|Any CPU
		{D41C362F-57B8-4973-BC0C-3A5C7C606E68}.Debug|Any CPU.ActiveCfg = Debug|Any CPU
		{D41C362F-57B8-4973-BC0C-3A5C7C606E68}.Debug|Any CPU.Build.0 = Debug|Any CPU
		{D41C362F-57B8-4973-BC0C-3A5C7C606E68}.Release|Any CPU.ActiveCfg = Release|Any CPU
		{D41C362F-57B8-4973-BC0C-3A5C7C606E68}.Release|Any CPU.Build.0 = Release|Any CPU
		{74546DB9-C542-4222-86BB-A13F77B55017}.Debug|Any CPU.ActiveCfg = Debug|Any CPU
		{74546DB9-C542-4222-86BB-A13F77B55017}.Debug|Any CPU.Build.0 = Debug|Any CPU
		{74546DB9-C542-4222-86BB-A13F77B55017}.Release|Any CPU.ActiveCfg = Release|Any CPU
		{74546DB9-C542-4222-86BB-A13F77B55017}.Release|Any CPU.Build.0 = Release|Any CPU
	EndGlobalSection
	GlobalSection(SolutionProperties) = preSolution
		HideSolutionNode = FALSE
	EndGlobalSection
	GlobalSection(ExtensibilityGlobals) = postSolution
		SolutionGuid = {23151BA0-AC57-4CF7-B2F3-F3964BF9294A}
	EndGlobalSection
EndGlobal
